{
  "name": "football-manager-hungarian-database",
  "version": "1.0.0",
  "lockfileVersion": 1,
  "requires": true,
  "dependencies": {
    "bluebird": {
      "version": "3.7.2",
      "resolved": "https://registry.npmjs.org/bluebird/-/bluebird-3.7.2.tgz",
      "integrity": "sha512-XpNj6GDQzdfW+r2Wnn7xiSAd7TM3jzkxGXBGTtWKuSXv1xUV+azxAm8jdWZN06QTQk+2N2XB9jRDkvbmQmcRtg=="
    },
    "csvtojson": {
      "version": "2.0.10",
      "resolved": "https://registry.npmjs.org/csvtojson/-/csvtojson-2.0.10.tgz",
      "integrity": "sha512-lUWFxGKyhraKCW8Qghz6Z0f2l/PqB1W3AO0HKJzGIQ5JRSlR651ekJDiGJbBT4sRNNv5ddnSGVEnsxP9XRCVpQ==",
      "requires": {
        "bluebird": "^3.5.1",
        "lodash": "^4.17.3",
        "strip-bom": "^2.0.0"
      }
    },
    "deeks": {
      "version": "2.2.7",
      "resolved": "https://registry.npmjs.org/deeks/-/deeks-2.2.7.tgz",
      "integrity": "sha512-pCKFxSqyY2LAQ3qKQ+y+wOG63Bb9uDmDiHUVnrTR10AP75BVo2QMlgm36G+oPpRDPrgAiw5p9d+lAxdsqOwOyA=="
    },
    "doc-path": {
      "version": "2.2.0",
      "resolved": "https://registry.npmjs.org/doc-path/-/doc-path-2.2.0.tgz",
      "integrity": "sha512-l8velk3nDv2gaV4rnqpRzdKHKcL4gSFlvaqKCDH9uAmbNiOVnTSUuaVcho1PDw5Cq9MfgSwzIDAAv9j8WDB1pg=="
    },
    "is-utf8": {
      "version": "0.2.1",
      "resolved": "https://registry.npmjs.org/is-utf8/-/is-utf8-0.2.1.tgz",
      "integrity": "sha1-Sw2hRCEE0bM2NA6AeX6GXPOffXI="
    },
    "json-2-csv": {
      "version": "3.8.0",
      "resolved": "https://registry.npmjs.org/json-2-csv/-/json-2-csv-3.8.0.tgz",
      "integrity": "sha512-csSHgPH15n69yDitVPCeipIVt4fZ65d84qEp0vwOZ8z5EAfidV6BmNz9cCVmKuN6O2sELKt4DBMAvdANJKJ1Fg==",
      "requires": {
        "deeks": "2.2.7",
        "doc-path": "2.2.0"
      }
    },
    "lodash": {
      "version": "4.17.20",
      "resolved": "https://registry.npmjs.org/lodash/-/lodash-4.17.20.tgz",
      "integrity": "sha512-PlhdFcillOINfeV7Ni6oF1TAEayyZBoZ8bcshTHqOYJYlrqzRK5hagpagky5o4HfCzzd1TRkXPMFq6cKk9rGmA=="
    },
    "node-fetch": {
      "version": "2.6.1",
      "resolved": "https://registry.npmjs.org/node-fetch/-/node-fetch-2.6.1.tgz",
      "integrity": "sha512-V4aYg89jEoVRxRb2fJdAg8FHvI7cEyYdVAh94HH0UIK8oJxUfkjlDQN9RbMx+bEjP7+ggMiFRprSti032Oipxw=="
    },
    "strip-bom": {
      "version": "2.0.0",
      "resolved": "https://registry.npmjs.org/strip-bom/-/strip-bom-2.0.0.tgz",
      "integrity": "sha1-YhmoVhZSBJHzV4i9vxRHqZx+aw4=",
      "requires": {
        "is-utf8": "^0.2.0"
      }
    }
  }
}
